// !$*UTF8*$!
{
	archiveVersion = 1;
	classes = {
	};
	objectVersion = 56;
	objects = {

/* Begin PBXBuildFile section */
		AF9982242A037FBE00DC99E4 /* AppDelegate.swift in Sources */ = {isa = PBXBuildFile; fileRef = AF9982232A037FBE00DC99E4 /* AppDelegate.swift */; };
		AF9982262A037FBE00DC99E4 /* SceneDelegate.swift in Sources */ = {isa = PBXBuildFile; fileRef = AF9982252A037FBE00DC99E4 /* SceneDelegate.swift */; };
		AF9982282A037FBE00DC99E4 /* ViewController.swift in Sources */ = {isa = PBXBuildFile; fileRef = AF9982272A037FBE00DC99E4 /* ViewController.swift */; };
		AF99822B2A037FBE00DC99E4 /* Main.storyboard in Resources */ = {isa = PBXBuildFile; fileRef = AF9982292A037FBE00DC99E4 /* Main.storyboard */; };
		AF99822D2A037FC000DC99E4 /* Assets.xcassets in Resources */ = {isa = PBXBuildFile; fileRef = AF99822C2A037FC000DC99E4 /* Assets.xcassets */; };
		AF9982302A037FC000DC99E4 /* LaunchScreen.storyboard in Resources */ = {isa = PBXBuildFile; fileRef = AF99822E2A037FC000DC99E4 /* LaunchScreen.storyboard */; };
		AF99823A2A0403D500DC99E4 /* rollDiceSound.mp3 in Resources */ = {isa = PBXBuildFile; fileRef = AF9982382A0403D500DC99E4 /* rollDiceSound.mp3 */; };
		AF99823E2A040B9400DC99E4 /* praySound.mp3 in Resources */ = {isa = PBXBuildFile; fileRef = AF99823D2A040B9400DC99E4 /* praySound.mp3 */; };
		AF9982402A040E1F00DC99E4 /* writeSound.mp3 in Resources */ = {isa = PBXBuildFile; fileRef = AF99823F2A040E1F00DC99E4 /* writeSound.mp3 */; };
/* End PBXBuildFile section */

/* Begin PBXFileReference section */
		AF9982202A037FBE00DC99E4 /* random answer.app */ = {isa = PBXFileReference; explicitFileType = wrapper.application; includeInIndex = 0; path = "random answer.app"; sourceTree = BUILT_PRODUCTS_DIR; };
		AF9982232A037FBE00DC99E4 /* AppDelegate.swift */ = {isa = PBXFileReference; lastKnownFileType = sourcecode.swift; path = AppDelegate.swift; sourceTree = "<group>"; };
		AF9982252A037FBE00DC99E4 /* SceneDelegate.swift */ = {isa = PBXFileReference; lastKnownFileType = sourcecode.swift; path = SceneDelegate.swift; sourceTree = "<group>"; };
		AF9982272A037FBE00DC99E4 /* ViewController.swift */ = {isa = PBXFileReference; lastKnownFileType = sourcecode.swift; path = ViewController.swift; sourceTree = "<group>"; };
		AF99822A2A037FBE00DC99E4 /* Base */ = {isa = PBXFileReference; lastKnownFileType = file.storyboard; name = Base; path = Base.lproj/Main.storyboard; sourceTree = "<group>"; };
		AF99822C2A037FC000DC99E4 /* Assets.xcassets */ = {isa = PBXFileReference; lastKnownFileType = folder.assetcatalog; path = Assets.xcassets; sourceTree = "<group>"; };
		AF99822F2A037FC000DC99E4 /* Base */ = {isa = PBXFileReference; lastKnownFileType = file.storyboard; name = Base; path = Base.lproj/LaunchScreen.storyboard; sourceTree = "<group>"; };
		AF9982312A037FC000DC99E4 /* Info.plist */ = {isa = PBXFileReference; lastKnownFileType = text.plist.xml; path = Info.plist; sourceTree = "<group>"; };
		AF9982382A0403D500DC99E4 /* rollDiceSound.mp3 */ = {isa = PBXFileReference; lastKnownFileType = audio.mp3; path = rollDiceSound.mp3; sourceTree = "<group>"; };
		AF99823D2A040B9400DC99E4 /* praySound.mp3 */ = {isa = PBXFileReference; lastKnownFileType = audio.mp3; path = praySound.mp3; sourceTree = "<group>"; };
		AF99823F2A040E1F00DC99E4 /* writeSound.mp3 */ = {isa = PBXFileReference; lastKnownFileType = audio.mp3; path = writeSound.mp3; sourceTree = "<group>"; };
/* End PBXFileReference section */

/* Begin PBXFrameworksBuildPhase section */
		AF99821D2A037FBE00DC99E4 /* Frameworks */ = {
			isa = PBXFrameworksBuildPhase;
			buildActionMask = 2147483647;
			files = (
			);
			runOnlyForDeploymentPostprocessing = 0;
		};
/* End PBXFrameworksBuildPhase section */

/* Begin PBXGroup section */
		AF9982172A037FBE00DC99E4 = {
			isa = PBXGroup;
			children = (
				AF9982222A037FBE00DC99E4 /* random answer */,
				AF9982212A037FBE00DC99E4 /* Products */,
			);
			sourceTree = "<group>";
		};
		AF9982212A037FBE00DC99E4 /* Products */ = {
			isa = PBXGroup;
			children = (
				AF9982202A037FBE00DC99E4 /* random answer.app */,
			);
			name = Products;
			sourceTree = "<group>";
		};
		AF9982222A037FBE00DC99E4 /* random answer */ = {
			isa = PBXGroup;
			children = (
				AF9982232A037FBE00DC99E4 /* AppDelegate.swift */,
				AF9982252A037FBE00DC99E4 /* SceneDelegate.swift */,
				AF9982272A037FBE00DC99E4 /* ViewController.swift */,
				AF9982292A037FBE00DC99E4 /* Main.storyboard */,
				AF99822C2A037FC000DC99E4 /* Assets.xcassets */,
				AF99822E2A037FC000DC99E4 /* LaunchScreen.storyboard */,
				AF9982312A037FC000DC99E4 /* Info.plist */,
				AF9982382A0403D500DC99E4 /* rollDiceSound.mp3 */,
				AF99823D2A040B9400DC99E4 /* praySound.mp3 */,
				AF99823F2A040E1F00DC99E4 /* writeSound.mp3 */,
			);
			path = "random answer";
			sourceTree = "<group>";
		};
/* End PBXGroup section */

/* Begin PBXNativeTarget section */
		AF99821F2A037FBE00DC99E4 /* random answer */ = {
			isa = PBXNativeTarget;
			buildConfigurationList = AF9982342A037FC000DC99E4 /* Build configuration list for PBXNativeTarget "random answer" */;
			buildPhases = (
				AF99821C2A037FBE00DC99E4 /* Sources */,
				AF99821D2A037FBE00DC99E4 /* Frameworks */,
				AF99821E2A037FBE00DC99E4 /* Resources */,
			);
			buildRules = (
			);
			dependencies = (
			);
			name = "random answer";
			productName = "random answer";
			productReference = AF9982202A037FBE00DC99E4 /* random answer.app */;
			productType = "com.apple.product-type.application";
		};
/* End PBXNativeTarget section */

/* Begin PBXProject section */
		AF9982182A037FBE00DC99E4 /* Project object */ = {
			isa = PBXProject;
			attributes = {
				BuildIndependentTargetsInParallel = 1;
				LastSwiftUpdateCheck = 1430;
				LastUpgradeCheck = 1430;
				TargetAttributes = {
					AF99821F2A037FBE00DC99E4 = {
						CreatedOnToolsVersion = 14.3;
					};
				};
			};
			buildConfigurationList = AF99821B2A037FBE00DC99E4 /* Build configuration list for PBXProject "random answer" */;
			compatibilityVersion = "Xcode 14.0";
			developmentRegion = en;
			hasScannedForEncodings = 0;
			knownRegions = (
				en,
				Base,
			);
			mainGroup = AF9982172A037FBE00DC99E4;
			productRefGroup = AF9982212A037FBE00DC99E4 /* Products */;
			projectDirPath = "";
			projectRoot = "";
			targets = (
				AF99821F2A037FBE00DC99E4 /* random answer */,
			);
		};
/* End PBXProject section */

/* Begin PBXResourcesBuildPhase section */
		AF99821E2A037FBE00DC99E4 /* Resources */ = {
			isa = PBXResourcesBuildPhase;
			buildActionMask = 2147483647;
			files = (
				AF9982402A040E1F00DC99E4 /* writeSound.mp3 in Resources */,
				AF99823E2A040B9400DC99E4 /* praySound.mp3 in Resources */,
				AF9982302A037FC000DC99E4 /* LaunchScreen.storyboard in Resources */,
				AF99823A2A0403D500DC99E4 /* rollDiceSound.mp3 in Resources */,
				AF99822D2A037FC000DC99E4 /* Assets.xcassets in Resources */,
				AF99822B2A037FBE00DC99E4 /* Main.storyboard in Resources */,
			);
			runOnlyForDeploymentPostprocessing = 0;
		};
/* End PBXResourcesBuildPhase section */

/* Begin PBXSourcesBuildPhase section */
		AF99821C2A037FBE00DC99E4 /* Sources */ = {
			isa = PBXSourcesBuildPhase;
			buildActionMask = 2147483647;
			files = (
				AF9982282A037FBE00DC99E4 /* ViewController.swift in Sources */,
				AF9982242A037FBE00DC99E4 /* AppDelegate.swift in Sources */,
				AF9982262A037FBE00DC99E4 /* SceneDelegate.swift in Sources */,
			);
			runOnlyForDeploymentPostprocessing = 0;
		};
/* End PBXSourcesBuildPhase section */

/* Begin PBXVariantGroup section */
		AF9982292A037FBE00DC99E4 /* Main.storyboard */ = {
			isa = PBXVariantGroup;
			children = (
				AF99822A2A037FBE00DC99E4 /* Base */,
			);
			name = Main.storyboard;
			sourceTree = "<group>";
		};
		AF99822E2A037FC000DC99E4 /* LaunchScreen.storyboard */ = {
			isa = PBXVariantGroup;
			children = (
				AF99822F2A037FC000DC99E4 /* Base */,
			);
			name = LaunchScreen.storyboard;
			sourceTree = "<group>";
		};
/* End PBXVariantGroup section */

/* Begin XCBuildConfiguration section */
		AF9982322A037FC000DC99E4 /* Debug */ = {
			isa = XCBuildConfiguration;
			buildSettings = {
				ALWAYS_SEARCH_USER_PATHS = NO;
				CLANG_ANALYZER_NONNULL = YES;
				CLANG_ANALYZER_NUMBER_OBJECT_CONVERSION = YES_AGGRESSIVE;
				CLANG_CXX_LANGUAGE_STANDARD = "gnu++20";
				CLANG_ENABLE_MODULES = YES;
				CLANG_ENABLE_OBJC_ARC = YES;
				CLANG_ENABLE_OBJC_WEAK = YES;
				CLANG_WARN_BLOCK_CAPTURE_AUTORELEASING = YES;
				CLANG_WARN_BOOL_CONVERSION = YES;
				CLANG_WARN_COMMA = YES;
				CLANG_WARN_CONSTANT_CONVERSION = YES;
				CLANG_WARN_DEPRECATED_OBJC_IMPLEMENTATIONS = YES;
				CLANG_WARN_DIRECT_OBJC_ISA_USAGE = YES_ERROR;
				CLANG_WARN_DOCUMENTATION_COMMENTS = YES;
				CLANG_WARN_EMPTY_BODY = YES;
				CLANG_WARN_ENUM_CONVERSION = YES;
				CLANG_WARN_INFINITE_RECURSION = YES;
				CLANG_WARN_INT_CONVERSION = YES;
				CLANG_WARN_NON_LITERAL_NULL_CONVERSION = YES;
				CLANG_WARN_OBJC_IMPLICIT_RETAIN_SELF = YES;
				CLANG_WARN_OBJC_LITERAL_CONVERSION = YES;
				CLANG_WARN_OBJC_ROOT_CLASS = YES_ERROR;
				CLANG_WARN_QUOTED_INCLUDE_IN_FRAMEWORK_HEADER = YES;
				CLANG_WARN_RANGE_LOOP_ANALYSIS = YES;
				CLANG_WARN_STRICT_PROTOTYPES = YES;
				CLANG_WARN_SUSPICIOUS_MOVE = YES;
				CLANG_WARN_UNGUARDED_AVAILABILITY = YES_AGGRESSIVE;
				CLANG_WARN_UNREACHABLE_CODE = YES;
				CLANG_WARN__DUPLICATE_METHOD_MATCH = YES;
				COPY_PHASE_STRIP = NO;
				DEBUG_INFORMATION_FORMAT = dwarf;
				ENABLE_STRICT_OBJC_MSGSEND = YES;
				ENABLE_TESTABILITY = YES;
				GCC_C_LANGUAGE_STANDARD = gnu11;
				GCC_DYNAMIC_NO_PIC = NO;
				GCC_NO_COMMON_BLOCKS = YES;
				GCC_OPTIMIZATION_LEVEL = 0;
				GCC_PREPROCESSOR_DEFINITIONS = (
					"DEBUG=1",
					"$(inherited)",
				);
				GCC_WARN_64_TO_32_BIT_CONVERSION = YES;
				GCC_WARN_ABOUT_RETURN_TYPE = YES_ERROR;
				GCC_WARN_UNDECLARED_SELECTOR = YES;
				GCC_WARN_UNINITIALIZED_AUTOS = YES_AGGRESSIVE;
				GCC_WARN_UNUSED_FUNCTION = YES;
				GCC_WARN_UNUSED_VARIABLE = YES;
				IPHONEOS_DEPLOYMENT_TARGET = 16.4;
				MTL_ENABLE_DEBUG_INFO = INCLUDE_SOURCE;
				MTL_FAST_MATH = YES;
				ONLY_ACTIVE_ARCH = YES;
				SDKROOT = iphoneos;
				SWIFT_ACTIVE_COMPILATION_CONDITIONS = DEBUG;
				SWIFT_OPTIMIZATION_LEVEL = "-Onone";
			};
			name = Debug;
		};
		AF9982332A037FC000DC99E4 /* Release */ = {
			isa = XCBuildConfiguration;
			buildSettings = {
				ALWAYS_SEARCH_USER_PATHS = NO;
				CLANG_ANALYZER_NONNULL = YES;
				CLANG_ANALYZER_NUMBER_OBJECT_CONVERSION = YES_AGGRESSIVE;
				CLANG_CXX_LANGUAGE_STANDARD = "gnu++20";
				CLANG_ENABLE_MODULES = YES;
				CLANG_ENABLE_OBJC_ARC = YES;
				CLANG_ENABLE_OBJC_WEAK = YES;
				CLANG_WARN_BLOCK_CAPTURE_AUTORELEASING = YES;
				CLANG_WARN_BOOL_CONVERSION = YES;
				CLANG_WARN_COMMA = YES;
				CLANG_WARN_CONSTANT_CONVERSION = YES;
				CLANG_WARN_DEPRECATED_OBJC_IMPLEMENTATIONS = YES;
				CLANG_WARN_DIRECT_OBJC_ISA_USAGE = YES_ERROR;
				CLANG_WARN_DOCUMENTATION_COMMENTS = YES;
				CLANG_WARN_EMPTY_BODY = YES;
				CLANG_WARN_ENUM_CONVERSION = YES;
				CLANG_WARN_INFINITE_RECURSION = YES;
				CLANG_WARN_INT_CONVERSION = YES;
				CLANG_WARN_NON_LITERAL_NULL_CONVERSION = YES;
				CLANG_WARN_OBJC_IMPLICIT_RETAIN_SELF = YES;
				CLANG_WARN_OBJC_LITERAL_CONVERSION = YES;
				CLANG_WARN_OBJC_ROOT_CLASS = YES_ERROR;
				CLANG_WARN_QUOTED_INCLUDE_IN_FRAMEWORK_HEADER = YES;
				CLANG_WARN_RANGE_LOOP_ANALYSIS = YES;
				CLANG_WARN_STRICT_PROTOTYPES = YES;
				CLANG_WARN_SUSPICIOUS_MOVE = YES;
				CLANG_WARN_UNGUARDED_AVAILABILITY = YES_AGGRESSIVE;
				CLANG_WARN_UNREACHABLE_CODE = YES;
				CLANG_WARN__DUPLICATE_METHOD_MATCH = YES;
				COPY_PHASE_STRIP = NO;
				DEBUG_INFORMATION_FORMAT = "dwarf-with-dsym";
				ENABLE_NS_ASSERTIONS = NO;
				ENABLE_STRICT_OBJC_MSGSEND = YES;
				GCC_C_LANGUAGE_STANDARD = gnu11;
				GCC_NO_COMMON_BLOCKS = YES;
				GCC_WARN_64_TO_32_BIT_CONVERSION = YES;
				GCC_WARN_ABOUT_RETURN_TYPE = YES_ERROR;
				GCC_WARN_UNDECLARED_SELECTOR = YES;
				GCC_WARN_UNINITIALIZED_AUTOS = YES_AGGRESSIVE;
				GCC_WARN_UNUSED_FUNCTION = YES;
				GCC_WARN_UNUSED_VARIABLE = YES;
				IPHONEOS_DEPLOYMENT_TARGET = 16.4;
				MTL_ENABLE_DEBUG_INFO = NO;
				MTL_FAST_MATH = YES;
				SDKROOT = iphoneos;
				SWIFT_COMPILATION_MODE = wholemodule;
				SWIFT_OPTIMIZATION_LEVEL = "-O";
				VALIDATE_PRODUCT = YES;
			};
			name = Release;
		};
		AF9982352A037FC000DC99E4 /* Debug */ = {
			isa = XCBuildConfiguration;
			buildSettings = {
				ASSETCATALOG_COMPILER_APPICON_NAME = AppIcon;
				ASSETCATALOG_COMPILER_GLOBAL_ACCENT_COLOR_NAME = AccentColor;
				CODE_SIGN_STYLE = Automatic;
				CURRENT_PROJECT_VERSION = 1;
				DEVELOPMENT_TEAM = 7WM9U7Y583;
				GENERATE_INFOPLIST_FILE = YES;
				INFOPLIST_FILE = "random answer/Info.plist";
				INFOPLIST_KEY_CFBundleDisplayName = "答題小助手";
				INFOPLIST_KEY_UIApplicationSupportsIndirectInputEvents = YES;
				INFOPLIST_KEY_UILaunchStoryboardName = LaunchScreen;
				INFOPLIST_KEY_UIMainStoryboardFile = Main;
				INFOPLIST_KEY_UISupportedInterfaceOrientations_iPad = "UIInterfaceOrientationPortrait UIInterfaceOrientationPortraitUpsideDown UIInterfaceOrientationLandscapeLeft UIInterfaceOrientationLandscapeRight";
				INFOPLIST_KEY_UISupportedInterfaceOrientations_iPhone = "UIInterfaceOrientationPortrait UIInterfaceOrientationLandscapeLeft UIInterfaceOrientationLandscapeRight";
				IPHONEOS_DEPLOYMENT_TARGET = 16.2;
				LD_RUNPATH_SEARCH_PATHS = (
					"$(inherited)",
					"@executable_path/Frameworks",
				);
				MARKETING_VERSION = 1.0;
				PRODUCT_BUNDLE_IDENTIFIER = "pei.random-answer";
				PRODUCT_NAME = "$(TARGET_NAME)";
				SWIFT_EMIT_LOC_STRINGS = YES;
				SWIFT_VERSION = 5.0;
				TARGETED_DEVICE_FAMILY = "1,2";
			};
			name = Debug;
		};
		AF9982362A037FC000DC99E4 /* Release */ = {
			isa = XCBuildConfiguration;
			buildSettings = {
				ASSETCATALOG_COMPILER_APPICON_NAME = AppIcon;
				ASSETCATALOG_COMPILER_GLOBAL_ACCENT_COLOR_NAME = AccentColor;
				CODE_SIGN_STYLE = Automatic;
				CURRENT_PROJECT_VERSION = 1;
				DEVELOPMENT_TEAM = 7WM9U7Y583;
				GENERATE_INFOPLIST_FILE = YES;
				INFOPLIST_FILE = "random answer/Info.plist";
				INFOPLIST_KEY_CFBundleDisplayName = "答題小助手";
				INFOPLIST_KEY_UIApplicationSupportsIndirectInputEvents = YES;
				INFOPLIST_KEY_UILaunchStoryboardName = LaunchScreen;
				INFOPLIST_KEY_UIMainStoryboardFile = Main;
				INFOPLIST_KEY_UISupportedInterfaceOrientations_iPad = "UIInterfaceOrientationPortrait UIInterfaceOrientationPortraitUpsideDown UIInterfaceOrientationLandscapeLeft UIInterfaceOrientationLandscapeRight";
				INFOPLIST_KEY_UISupportedInterfaceOrientations_iPhone = "UIInterfaceOrientationPortrait UIInterfaceOrientationLandscapeLeft UIInterfaceOrientationLandscapeRight";
				IPHONEOS_DEPLOYMENT_TARGET = 16.2;
				LD_RUNPATH_SEARCH_PATHS = (
					"$(inherited)",
					"@executable_path/Frameworks",
				);
				MARKETING_VERSION = 1.0;
				PRODUCT_BUNDLE_IDENTIFIER = "pei.random-answer";
				PRODUCT_NAME = "$(TARGET_NAME)";
				SWIFT_EMIT_LOC_STRINGS = YES;
				SWIFT_VERSION = 5.0;
				TARGETED_DEVICE_FAMILY = "1,2";
			};
			name = Release;
		};
/* End XCBuildConfiguration section */

/* Begin XCConfigurationList section */
		AF99821B2A037FBE00DC99E4 /* Build configuration list for PBXProject "random answer" */ = {
			isa = XCConfigurationList;
			buildConfigurations = (
				AF9982322A037FC000DC99E4 /* Debug */,
				AF9982332A037FC000DC99E4 /* Release */,
			);
			defaultConfigurationIsVisible = 0;
			defaultConfigurationName = Release;
		};
		AF9982342A037FC000DC99E4 /* Build configuration list for PBXNativeTarget "random answer" */ = {
			isa = XCConfigurationList;
			buildConfigurations = (
				AF9982352A037FC000DC99E4 /* Debug */,
				AF9982362A037FC000DC99E4 /* Release */,
			);
			defaultConfigurationIsVisible = 0;
			defaultConfigurationName = Release;
		};
/* End XCConfigurationList section */
	};
	rootObject = AF9982182A037FBE00DC99E4 /* Project object */;
}
